<?xml version="1.0" encoding="utf-8"?>
<Project ToolsVersion="17.0" xmlns="http://schemas.microsoft.com/developer/msbuild/2003">
  <ItemGroup>
    <CustomBuild Include="C:\LeapProject1\CMakeFiles\7ea0159c713e52e57c98e7603161ab4c\generate.stamp.rule">
      <Filter>CMake Rules</Filter>
    </CustomBuild>
  </ItemGroup>
  <ItemGroup>
    <Filter Include="CMake Rules">
      <UniqueIdentifier>{3D47EA62-4696-37BE-8C14-D42CA187DF14}</UniqueIdentifier>
    </Filter>
  </ItemGroup>
</Project>
